
Microsoft Visual Studio Solution File, Format Version 12.00
# Visual Studio Version 16
VisualStudioVersion = 16.0.30804.86
MinimumVisualStudioVersion = 10.0.40219.1
Project("{FAE04EC0-301F-11D3-BF4B-00C04F79EFBC}") = "Arduinouno", "Arduinouno\Arduinouno.csproj", "{C278C2A1-DD02-49D9-B54F-E81BE63262C2}"
EndProject
Global
	GlobalSection(SolutionConfigurationPlatforms) = preSolution
		Debug|Any CPU = Debug|Any CPU
		Release|Any CPU = Release|Any CPU
	EndGlobalSection
	GlobalSection(ProjectConfigurationPlatforms) = postSolution
		{C278C2A1-DD02-49D9-B54F-E81BE63262C2}.Debug|Any CPU.ActiveCfg = Debug|Any CPU
		{C278C2A1-DD02-49D9-B54F-E81BE63262C2}.Debug|Any CPU.Build.0 = Debug|Any CPU
		{C278C2A1-DD02-49D9-B54F-E81BE63262C2}.Release|Any CPU.ActiveCfg = Release|Any CPU
		{C278C2A1-DD02-49D9-B54F-E81BE63262C2}.Release|Any CPU.Build.0 = Release|Any CPU
	EndGlobalSection
	GlobalSection(SolutionProperties) = preSolution
		HideSolutionNode = FALSE
	EndGlobalSection
	GlobalSection(ExtensibilityGlobals) = postSolution
		SolutionGuid = {6CE6D061-6572-4DCB-A6B2-EA12170DC2A0}
	EndGlobalSection
EndGlobal
